
Microsoft Visual Studio Solution File, Format Version 12.00
# Visual Studio 15
VisualStudioVersion = 15.0.27130.2027
MinimumVisualStudioVersion = 10.0.40219.1
Project("{FAE04EC0-301F-11D3-BF4B-00C04F79EFBC}") = "NumberToWord", "NumberToWord\NumberToWord.csproj", "{15E4918F-8174-4B0B-9103-3F8374FDA7E7}"
EndProject
Global
	GlobalSection(SolutionConfigurationPlatforms) = preSolution
		Debug|Any CPU = Debug|Any CPU
		Release|Any CPU = Release|Any CPU
	EndGlobalSection
	GlobalSection(ProjectConfigurationPlatforms) = postSolution
		{15E4918F-8174-4B0B-9103-3F8374FDA7E7}.Debug|Any CPU.ActiveCfg = Debug|Any CPU
		{15E4918F-8174-4B0B-9103-3F8374FDA7E7}.Debug|Any CPU.Build.0 = Debug|Any CPU
		{15E4918F-8174-4B0B-9103-3F8374FDA7E7}.Release|Any CPU.ActiveCfg = Release|Any CPU
		{15E4918F-8174-4B0B-9103-3F8374FDA7E7}.Release|Any CPU.Build.0 = Release|Any CPU
	EndGlobalSection
	GlobalSection(SolutionProperties) = preSolution
		HideSolutionNode = FALSE
	EndGlobalSection
	GlobalSection(ExtensibilityGlobals) = postSolution
		SolutionGuid = {7A5629D7-E396-4374-BA2C-8E51EA8E766C}
	EndGlobalSection
EndGlobal
