
Microsoft Visual Studio Solution File, Format Version 12.00
# Visual Studio 15
VisualStudioVersion = 15.0.27130.2027
MinimumVisualStudioVersion = 10.0.40219.1
Project("{FAE04EC0-301F-11D3-BF4B-00C04F79EFBC}") = "EntryApplicaction", "EntryApplicaction\EntryApplicaction.csproj", "{2F58D634-2F46-4819-A7E1-78EDE4A15E2D}"
EndProject
Project("{FAE04EC0-301F-11D3-BF4B-00C04F79EFBC}") = "MathLibrary", "MathLibrary\MathLibrary.csproj", "{9E368004-96F3-4164-9911-334871E42261}"
EndProject
Project("{FAE04EC0-301F-11D3-BF4B-00C04F79EFBC}") = "CSharpFundamentals", "CSharpFundamentals\CSharpFundamentals.csproj", "{C69DFCB8-D973-460A-A894-46528E567AC1}"
EndProject
Global
	GlobalSection(SolutionConfigurationPlatforms) = preSolution
		Debug|Any CPU = Debug|Any CPU
		Release|Any CPU = Release|Any CPU
	EndGlobalSection
	GlobalSection(ProjectConfigurationPlatforms) = postSolution
		{2F58D634-2F46-4819-A7E1-78EDE4A15E2D}.Debug|Any CPU.ActiveCfg = Debug|Any CPU
		{2F58D634-2F46-4819-A7E1-78EDE4A15E2D}.Debug|Any CPU.Build.0 = Debug|Any CPU
		{2F58D634-2F46-4819-A7E1-78EDE4A15E2D}.Release|Any CPU.ActiveCfg = Release|Any CPU
		{2F58D634-2F46-4819-A7E1-78EDE4A15E2D}.Release|Any CPU.Build.0 = Release|Any CPU
		{9E368004-96F3-4164-9911-334871E42261}.Debug|Any CPU.ActiveCfg = Debug|Any CPU
		{9E368004-96F3-4164-9911-334871E42261}.Debug|Any CPU.Build.0 = Debug|Any CPU
		{9E368004-96F3-4164-9911-334871E42261}.Release|Any CPU.ActiveCfg = Release|Any CPU
		{9E368004-96F3-4164-9911-334871E42261}.Release|Any CPU.Build.0 = Release|Any CPU
		{C69DFCB8-D973-460A-A894-46528E567AC1}.Debug|Any CPU.ActiveCfg = Debug|Any CPU
		{C69DFCB8-D973-460A-A894-46528E567AC1}.Debug|Any CPU.Build.0 = Debug|Any CPU
		{C69DFCB8-D973-460A-A894-46528E567AC1}.Release|Any CPU.ActiveCfg = Release|Any CPU
		{C69DFCB8-D973-460A-A894-46528E567AC1}.Release|Any CPU.Build.0 = Release|Any CPU
	EndGlobalSection
	GlobalSection(SolutionProperties) = preSolution
		HideSolutionNode = FALSE
	EndGlobalSection
	GlobalSection(ExtensibilityGlobals) = postSolution
		SolutionGuid = {7A5629D7-E396-4374-BA2C-8E51EA8E766C}
	EndGlobalSection
EndGlobal
